
Microsoft Visual Studio Solution File, Format Version 12.00
# Visual Studio Version 17
VisualStudioVersion = 17.13.35828.75
MinimumVisualStudioVersion = 10.0.40219.1
Project("{FAE04EC0-301F-11D3-BF4B-00C04F79EFBC}") = "EDDY.IS.Vendor.Web.API", "EDDY.IS.Vendor.Web.API\EDDY.IS.Vendor.Web.API.csproj", "{4DCFA88B-F0F1-4E58-9BEF-71146885DCDB}"
EndProject
Project("{FAE04EC0-301F-11D3-BF4B-00C04F79EFBC}") = "EDDY.IS.Vendor.Web.API.Tests", "EDDY.IS.Vendor.Web.API.Tests\EDDY.IS.Vendor.Web.API.Tests.csproj", "{E1CB0781-B1AB-4398-A520-3AEF9567581F}"
EndProject
Project("{FAE04EC0-301F-11D3-BF4B-00C04F79EFBC}") = "EDDY.IS.Vendor.Entities", "EDDY.IS.Vendor.Entities\EDDY.IS.Vendor.Entities.csproj", "{162C5524-CEF8-4894-BA2C-AAC9BBF094E3}"
EndProject
Project("{FAE04EC0-301F-11D3-BF4B-00C04F79EFBC}") = "EDDY.IS.Vendor.Business", "EDDY.IS.Vendor.Business\EDDY.IS.Vendor.Business.csproj", "{3FA12E6C-B577-4EE6-A6F7-C37CA01A927F}"
EndProject
Project("{FAE04EC0-301F-11D3-BF4B-00C04F79EFBC}") = "EDDY.IS.Vendor.DataAccess", "EDDY.IS.Vendor.DataAccess\EDDY.IS.Vendor.DataAccess.csproj", "{DD34C3DF-CF51-4DEB-A198-5029323BC1AE}"
EndProject
Project("{FAE04EC0-301F-11D3-BF4B-00C04F79EFBC}") = "EDDY.IS.Vendor.Utilities", "EDDY.IS.Vendor.Utilities\EDDY.IS.Vendor.Utilities.csproj", "{71E32EB1-BBC3-43F2-9A5F-46ED72257833}"
EndProject
Global
	GlobalSection(SolutionConfigurationPlatforms) = preSolution
		Debug|Any CPU = Debug|Any CPU
		Debug|x64 = Debug|x64
		Debug|x86 = Debug|x86
		DEMO|Any CPU = DEMO|Any CPU
		DEMO|x64 = DEMO|x64
		DEMO|x86 = DEMO|x86
		DEVSTAGE|Any CPU = DEVSTAGE|Any CPU
		DEVSTAGE|x64 = DEVSTAGE|x64
		DEVSTAGE|x86 = DEVSTAGE|x86
		MIKETESTENV|Any CPU = MIKETESTENV|Any CPU
		MIKETESTENV|x64 = MIKETESTENV|x64
		MIKETESTENV|x86 = MIKETESTENV|x86
		PRODUCTIONSUPORT|Any CPU = PRODUCTIONSUPORT|Any CPU
		PRODUCTIONSUPORT|x64 = PRODUCTIONSUPORT|x64
		PRODUCTIONSUPORT|x86 = PRODUCTIONSUPORT|x86
		QA|Any CPU = QA|Any CPU
		QA|x64 = QA|x64
		QA|x86 = QA|x86
		QASTAGE|Any CPU = QASTAGE|Any CPU
		QASTAGE|x64 = QASTAGE|x64
		QASTAGE|x86 = QASTAGE|x86
		QASTAGE02|Any CPU = QASTAGE02|Any CPU
		QASTAGE02|x64 = QASTAGE02|x64
		QASTAGE02|x86 = QASTAGE02|x86
		Release|Any CPU = Release|Any CPU
		Release|x64 = Release|x64
		Release|x86 = Release|x86
		UAT|Any CPU = UAT|Any CPU
		UAT|x64 = UAT|x64
		UAT|x86 = UAT|x86
	EndGlobalSection
	GlobalSection(ProjectConfigurationPlatforms) = postSolution
		{4DCFA88B-F0F1-4E58-9BEF-71146885DCDB}.Debug|Any CPU.ActiveCfg = Debug|Any CPU
		{4DCFA88B-F0F1-4E58-9BEF-71146885DCDB}.Debug|Any CPU.Build.0 = Debug|Any CPU
		{4DCFA88B-F0F1-4E58-9BEF-71146885DCDB}.Debug|x64.ActiveCfg = Debug|Any CPU
		{4DCFA88B-F0F1-4E58-9BEF-71146885DCDB}.Debug|x64.Build.0 = Debug|Any CPU
		{4DCFA88B-F0F1-4E58-9BEF-71146885DCDB}.Debug|x86.ActiveCfg = Debug|Any CPU
		{4DCFA88B-F0F1-4E58-9BEF-71146885DCDB}.Debug|x86.Build.0 = Debug|Any CPU
		{4DCFA88B-F0F1-4E58-9BEF-71146885DCDB}.DEMO|Any CPU.ActiveCfg = Debug|Any CPU
		{4DCFA88B-F0F1-4E58-9BEF-71146885DCDB}.DEMO|Any CPU.Build.0 = Debug|Any CPU
		{4DCFA88B-F0F1-4E58-9BEF-71146885DCDB}.DEMO|x64.ActiveCfg = Debug|Any CPU
		{4DCFA88B-F0F1-4E58-9BEF-71146885DCDB}.DEMO|x64.Build.0 = Debug|Any CPU
		{4DCFA88B-F0F1-4E58-9BEF-71146885DCDB}.DEMO|x86.ActiveCfg = Debug|Any CPU
		{4DCFA88B-F0F1-4E58-9BEF-71146885DCDB}.DEMO|x86.Build.0 = Debug|Any CPU
		{4DCFA88B-F0F1-4E58-9BEF-71146885DCDB}.DEVSTAGE|Any CPU.ActiveCfg = Debug|Any CPU
		{4DCFA88B-F0F1-4E58-9BEF-71146885DCDB}.DEVSTAGE|Any CPU.Build.0 = Debug|Any CPU
		{4DCFA88B-F0F1-4E58-9BEF-71146885DCDB}.DEVSTAGE|x64.ActiveCfg = Debug|Any CPU
		{4DCFA88B-F0F1-4E58-9BEF-71146885DCDB}.DEVSTAGE|x64.Build.0 = Debug|Any CPU
		{4DCFA88B-F0F1-4E58-9BEF-71146885DCDB}.DEVSTAGE|x86.ActiveCfg = Debug|Any CPU
		{4DCFA88B-F0F1-4E58-9BEF-71146885DCDB}.DEVSTAGE|x86.Build.0 = Debug|Any CPU
		{4DCFA88B-F0F1-4E58-9BEF-71146885DCDB}.MIKETESTENV|Any CPU.ActiveCfg = Release|Any CPU
		{4DCFA88B-F0F1-4E58-9BEF-71146885DCDB}.MIKETESTENV|Any CPU.Build.0 = Release|Any CPU
		{4DCFA88B-F0F1-4E58-9BEF-71146885DCDB}.MIKETESTENV|x64.ActiveCfg = Release|Any CPU
		{4DCFA88B-F0F1-4E58-9BEF-71146885DCDB}.MIKETESTENV|x64.Build.0 = Release|Any CPU
		{4DCFA88B-F0F1-4E58-9BEF-71146885DCDB}.MIKETESTENV|x86.ActiveCfg = Release|Any CPU
		{4DCFA88B-F0F1-4E58-9BEF-71146885DCDB}.MIKETESTENV|x86.Build.0 = Release|Any CPU
		{4DCFA88B-F0F1-4E58-9BEF-71146885DCDB}.PRODUCTIONSUPORT|Any CPU.ActiveCfg = Release|Any CPU
		{4DCFA88B-F0F1-4E58-9BEF-71146885DCDB}.PRODUCTIONSUPORT|Any CPU.Build.0 = Release|Any CPU
		{4DCFA88B-F0F1-4E58-9BEF-71146885DCDB}.PRODUCTIONSUPORT|x64.ActiveCfg = Release|Any CPU
		{4DCFA88B-F0F1-4E58-9BEF-71146885DCDB}.PRODUCTIONSUPORT|x64.Build.0 = Release|Any CPU
		{4DCFA88B-F0F1-4E58-9BEF-71146885DCDB}.PRODUCTIONSUPORT|x86.ActiveCfg = Release|Any CPU
		{4DCFA88B-F0F1-4E58-9BEF-71146885DCDB}.PRODUCTIONSUPORT|x86.Build.0 = Release|Any CPU
		{4DCFA88B-F0F1-4E58-9BEF-71146885DCDB}.QA|Any CPU.ActiveCfg = Release|Any CPU
		{4DCFA88B-F0F1-4E58-9BEF-71146885DCDB}.QA|Any CPU.Build.0 = Release|Any CPU
		{4DCFA88B-F0F1-4E58-9BEF-71146885DCDB}.QA|x64.ActiveCfg = Release|Any CPU
		{4DCFA88B-F0F1-4E58-9BEF-71146885DCDB}.QA|x64.Build.0 = Release|Any CPU
		{4DCFA88B-F0F1-4E58-9BEF-71146885DCDB}.QA|x86.ActiveCfg = Release|Any CPU
		{4DCFA88B-F0F1-4E58-9BEF-71146885DCDB}.QA|x86.Build.0 = Release|Any CPU
		{4DCFA88B-F0F1-4E58-9BEF-71146885DCDB}.QASTAGE|Any CPU.ActiveCfg = Release|Any CPU
		{4DCFA88B-F0F1-4E58-9BEF-71146885DCDB}.QASTAGE|Any CPU.Build.0 = Release|Any CPU
		{4DCFA88B-F0F1-4E58-9BEF-71146885DCDB}.QASTAGE|x64.ActiveCfg = Release|Any CPU
		{4DCFA88B-F0F1-4E58-9BEF-71146885DCDB}.QASTAGE|x64.Build.0 = Release|Any CPU
		{4DCFA88B-F0F1-4E58-9BEF-71146885DCDB}.QASTAGE|x86.ActiveCfg = Release|Any CPU
		{4DCFA88B-F0F1-4E58-9BEF-71146885DCDB}.QASTAGE|x86.Build.0 = Release|Any CPU
		{4DCFA88B-F0F1-4E58-9BEF-71146885DCDB}.QASTAGE02|Any CPU.ActiveCfg = Release|Any CPU
		{4DCFA88B-F0F1-4E58-9BEF-71146885DCDB}.QASTAGE02|Any CPU.Build.0 = Release|Any CPU
		{4DCFA88B-F0F1-4E58-9BEF-71146885DCDB}.QASTAGE02|x64.ActiveCfg = Release|Any CPU
		{4DCFA88B-F0F1-4E58-9BEF-71146885DCDB}.QASTAGE02|x64.Build.0 = Release|Any CPU
		{4DCFA88B-F0F1-4E58-9BEF-71146885DCDB}.QASTAGE02|x86.ActiveCfg = Release|Any CPU
		{4DCFA88B-F0F1-4E58-9BEF-71146885DCDB}.QASTAGE02|x86.Build.0 = Release|Any CPU
		{4DCFA88B-F0F1-4E58-9BEF-71146885DCDB}.Release|Any CPU.ActiveCfg = Release|Any CPU
		{4DCFA88B-F0F1-4E58-9BEF-71146885DCDB}.Release|Any CPU.Build.0 = Release|Any CPU
		{4DCFA88B-F0F1-4E58-9BEF-71146885DCDB}.Release|x64.ActiveCfg = Release|Any CPU
		{4DCFA88B-F0F1-4E58-9BEF-71146885DCDB}.Release|x64.Build.0 = Release|Any CPU
		{4DCFA88B-F0F1-4E58-9BEF-71146885DCDB}.Release|x86.ActiveCfg = Release|Any CPU
		{4DCFA88B-F0F1-4E58-9BEF-71146885DCDB}.Release|x86.Build.0 = Release|Any CPU
		{4DCFA88B-F0F1-4E58-9BEF-71146885DCDB}.UAT|Any CPU.ActiveCfg = Release|Any CPU
		{4DCFA88B-F0F1-4E58-9BEF-71146885DCDB}.UAT|Any CPU.Build.0 = Release|Any CPU
		{4DCFA88B-F0F1-4E58-9BEF-71146885DCDB}.UAT|x64.ActiveCfg = Release|Any CPU
		{4DCFA88B-F0F1-4E58-9BEF-71146885DCDB}.UAT|x64.Build.0 = Release|Any CPU
		{4DCFA88B-F0F1-4E58-9BEF-71146885DCDB}.UAT|x86.ActiveCfg = Release|Any CPU
		{4DCFA88B-F0F1-4E58-9BEF-71146885DCDB}.UAT|x86.Build.0 = Release|Any CPU
		{E1CB0781-B1AB-4398-A520-3AEF9567581F}.Debug|Any CPU.ActiveCfg = Debug|Any CPU
		{E1CB0781-B1AB-4398-A520-3AEF9567581F}.Debug|Any CPU.Build.0 = Debug|Any CPU
		{E1CB0781-B1AB-4398-A520-3AEF9567581F}.Debug|x64.ActiveCfg = Debug|Any CPU
		{E1CB0781-B1AB-4398-A520-3AEF9567581F}.Debug|x64.Build.0 = Debug|Any CPU
		{E1CB0781-B1AB-4398-A520-3AEF9567581F}.Debug|x86.ActiveCfg = Debug|Any CPU
		{E1CB0781-B1AB-4398-A520-3AEF9567581F}.Debug|x86.Build.0 = Debug|Any CPU
		{E1CB0781-B1AB-4398-A520-3AEF9567581F}.DEMO|Any CPU.ActiveCfg = Debug|Any CPU
		{E1CB0781-B1AB-4398-A520-3AEF9567581F}.DEMO|Any CPU.Build.0 = Debug|Any CPU
		{E1CB0781-B1AB-4398-A520-3AEF9567581F}.DEMO|x64.ActiveCfg = Debug|Any CPU
		{E1CB0781-B1AB-4398-A520-3AEF9567581F}.DEMO|x64.Build.0 = Debug|Any CPU
		{E1CB0781-B1AB-4398-A520-3AEF9567581F}.DEMO|x86.ActiveCfg = Debug|Any CPU
		{E1CB0781-B1AB-4398-A520-3AEF9567581F}.DEMO|x86.Build.0 = Debug|Any CPU
		{E1CB0781-B1AB-4398-A520-3AEF9567581F}.DEVSTAGE|Any CPU.ActiveCfg = Debug|Any CPU
		{E1CB0781-B1AB-4398-A520-3AEF9567581F}.DEVSTAGE|Any CPU.Build.0 = Debug|Any CPU
		{E1CB0781-B1AB-4398-A520-3AEF9567581F}.DEVSTAGE|x64.ActiveCfg = Debug|Any CPU
		{E1CB0781-B1AB-4398-A520-3AEF9567581F}.DEVSTAGE|x64.Build.0 = Debug|Any CPU
		{E1CB0781-B1AB-4398-A520-3AEF9567581F}.DEVSTAGE|x86.ActiveCfg = Debug|Any CPU
		{E1CB0781-B1AB-4398-A520-3AEF9567581F}.DEVSTAGE|x86.Build.0 = Debug|Any CPU
		{E1CB0781-B1AB-4398-A520-3AEF9567581F}.MIKETESTENV|Any CPU.ActiveCfg = Release|Any CPU
		{E1CB0781-B1AB-4398-A520-3AEF9567581F}.MIKETESTENV|Any CPU.Build.0 = Release|Any CPU
		{E1CB0781-B1AB-4398-A520-3AEF9567581F}.MIKETESTENV|x64.ActiveCfg = Release|Any CPU
		{E1CB0781-B1AB-4398-A520-3AEF9567581F}.MIKETESTENV|x64.Build.0 = Release|Any CPU
		{E1CB0781-B1AB-4398-A520-3AEF9567581F}.MIKETESTENV|x86.ActiveCfg = Release|Any CPU
		{E1CB0781-B1AB-4398-A520-3AEF9567581F}.MIKETESTENV|x86.Build.0 = Release|Any CPU
		{E1CB0781-B1AB-4398-A520-3AEF9567581F}.PRODUCTIONSUPORT|Any CPU.ActiveCfg = Release|Any CPU
		{E1CB0781-B1AB-4398-A520-3AEF9567581F}.PRODUCTIONSUPORT|Any CPU.Build.0 = Release|Any CPU
		{E1CB0781-B1AB-4398-A520-3AEF9567581F}.PRODUCTIONSUPORT|x64.ActiveCfg = Release|Any CPU
		{E1CB0781-B1AB-4398-A520-3AEF9567581F}.PRODUCTIONSUPORT|x64.Build.0 = Release|Any CPU
		{E1CB0781-B1AB-4398-A520-3AEF9567581F}.PRODUCTIONSUPORT|x86.ActiveCfg = Release|Any CPU
		{E1CB0781-B1AB-4398-A520-3AEF9567581F}.PRODUCTIONSUPORT|x86.Build.0 = Release|Any CPU
		{E1CB0781-B1AB-4398-A520-3AEF9567581F}.QA|Any CPU.ActiveCfg = Release|Any CPU
		{E1CB0781-B1AB-4398-A520-3AEF9567581F}.QA|Any CPU.Build.0 = Release|Any CPU
		{E1CB0781-B1AB-4398-A520-3AEF9567581F}.QA|x64.ActiveCfg = Release|Any CPU
		{E1CB0781-B1AB-4398-A520-3AEF9567581F}.QA|x64.Build.0 = Release|Any CPU
		{E1CB0781-B1AB-4398-A520-3AEF9567581F}.QA|x86.ActiveCfg = Release|Any CPU
		{E1CB0781-B1AB-4398-A520-3AEF9567581F}.QA|x86.Build.0 = Release|Any CPU
		{E1CB0781-B1AB-4398-A520-3AEF9567581F}.QASTAGE|Any CPU.ActiveCfg = Release|Any CPU
		{E1CB0781-B1AB-4398-A520-3AEF9567581F}.QASTAGE|Any CPU.Build.0 = Release|Any CPU
		{E1CB0781-B1AB-4398-A520-3AEF9567581F}.QASTAGE|x64.ActiveCfg = Release|Any CPU
		{E1CB0781-B1AB-4398-A520-3AEF9567581F}.QASTAGE|x64.Build.0 = Release|Any CPU
		{E1CB0781-B1AB-4398-A520-3AEF9567581F}.QASTAGE|x86.ActiveCfg = Release|Any CPU
		{E1CB0781-B1AB-4398-A520-3AEF9567581F}.QASTAGE|x86.Build.0 = Release|Any CPU
		{E1CB0781-B1AB-4398-A520-3AEF9567581F}.QASTAGE02|Any CPU.ActiveCfg = Release|Any CPU
		{E1CB0781-B1AB-4398-A520-3AEF9567581F}.QASTAGE02|Any CPU.Build.0 = Release|Any CPU
		{E1CB0781-B1AB-4398-A520-3AEF9567581F}.QASTAGE02|x64.ActiveCfg = Release|Any CPU
		{E1CB0781-B1AB-4398-A520-3AEF9567581F}.QASTAGE02|x64.Build.0 = Release|Any CPU
		{E1CB0781-B1AB-4398-A520-3AEF9567581F}.QASTAGE02|x86.ActiveCfg = Release|Any CPU
		{E1CB0781-B1AB-4398-A520-3AEF9567581F}.QASTAGE02|x86.Build.0 = Release|Any CPU
		{E1CB0781-B1AB-4398-A520-3AEF9567581F}.Release|Any CPU.ActiveCfg = Release|Any CPU
		{E1CB0781-B1AB-4398-A520-3AEF9567581F}.Release|Any CPU.Build.0 = Release|Any CPU
		{E1CB0781-B1AB-4398-A520-3AEF9567581F}.Release|x64.ActiveCfg = Release|Any CPU
		{E1CB0781-B1AB-4398-A520-3AEF9567581F}.Release|x64.Build.0 = Release|Any CPU
		{E1CB0781-B1AB-4398-A520-3AEF9567581F}.Release|x86.ActiveCfg = Release|Any CPU
		{E1CB0781-B1AB-4398-A520-3AEF9567581F}.Release|x86.Build.0 = Release|Any CPU
		{E1CB0781-B1AB-4398-A520-3AEF9567581F}.UAT|Any CPU.ActiveCfg = Release|Any CPU
		{E1CB0781-B1AB-4398-A520-3AEF9567581F}.UAT|Any CPU.Build.0 = Release|Any CPU
		{E1CB0781-B1AB-4398-A520-3AEF9567581F}.UAT|x64.ActiveCfg = Release|Any CPU
		{E1CB0781-B1AB-4398-A520-3AEF9567581F}.UAT|x64.Build.0 = Release|Any CPU
		{E1CB0781-B1AB-4398-A520-3AEF9567581F}.UAT|x86.ActiveCfg = Release|Any CPU
		{E1CB0781-B1AB-4398-A520-3AEF9567581F}.UAT|x86.Build.0 = Release|Any CPU
		{162C5524-CEF8-4894-BA2C-AAC9BBF094E3}.Debug|Any CPU.ActiveCfg = Debug|Any CPU
		{162C5524-CEF8-4894-BA2C-AAC9BBF094E3}.Debug|Any CPU.Build.0 = Debug|Any CPU
		{162C5524-CEF8-4894-BA2C-AAC9BBF094E3}.Debug|x64.ActiveCfg = Debug|Any CPU
		{162C5524-CEF8-4894-BA2C-AAC9BBF094E3}.Debug|x64.Build.0 = Debug|Any CPU
		{162C5524-CEF8-4894-BA2C-AAC9BBF094E3}.Debug|x86.ActiveCfg = Debug|Any CPU
		{162C5524-CEF8-4894-BA2C-AAC9BBF094E3}.Debug|x86.Build.0 = Debug|Any CPU
		{162C5524-CEF8-4894-BA2C-AAC9BBF094E3}.DEMO|Any CPU.ActiveCfg = Debug|Any CPU
		{162C5524-CEF8-4894-BA2C-AAC9BBF094E3}.DEMO|Any CPU.Build.0 = Debug|Any CPU
		{162C5524-CEF8-4894-BA2C-AAC9BBF094E3}.DEMO|x64.ActiveCfg = Debug|Any CPU
		{162C5524-CEF8-4894-BA2C-AAC9BBF094E3}.DEMO|x64.Build.0 = Debug|Any CPU
		{162C5524-CEF8-4894-BA2C-AAC9BBF094E3}.DEMO|x86.ActiveCfg = Debug|Any CPU
		{162C5524-CEF8-4894-BA2C-AAC9BBF094E3}.DEMO|x86.Build.0 = Debug|Any CPU
		{162C5524-CEF8-4894-BA2C-AAC9BBF094E3}.DEVSTAGE|Any CPU.ActiveCfg = Debug|Any CPU
		{162C5524-CEF8-4894-BA2C-AAC9BBF094E3}.DEVSTAGE|Any CPU.Build.0 = Debug|Any CPU
		{162C5524-CEF8-4894-BA2C-AAC9BBF094E3}.DEVSTAGE|x64.ActiveCfg = Debug|Any CPU
		{162C5524-CEF8-4894-BA2C-AAC9BBF094E3}.DEVSTAGE|x64.Build.0 = Debug|Any CPU
		{162C5524-CEF8-4894-BA2C-AAC9BBF094E3}.DEVSTAGE|x86.ActiveCfg = Debug|Any CPU
		{162C5524-CEF8-4894-BA2C-AAC9BBF094E3}.DEVSTAGE|x86.Build.0 = Debug|Any CPU
		{162C5524-CEF8-4894-BA2C-AAC9BBF094E3}.MIKETESTENV|Any CPU.ActiveCfg = Release|Any CPU
		{162C5524-CEF8-4894-BA2C-AAC9BBF094E3}.MIKETESTENV|Any CPU.Build.0 = Release|Any CPU
		{162C5524-CEF8-4894-BA2C-AAC9BBF094E3}.MIKETESTENV|x64.ActiveCfg = Release|Any CPU
		{162C5524-CEF8-4894-BA2C-AAC9BBF094E3}.MIKETESTENV|x64.Build.0 = Release|Any CPU
		{162C5524-CEF8-4894-BA2C-AAC9BBF094E3}.MIKETESTENV|x86.ActiveCfg = Release|Any CPU
		{162C5524-CEF8-4894-BA2C-AAC9BBF094E3}.MIKETESTENV|x86.Build.0 = Release|Any CPU
		{162C5524-CEF8-4894-BA2C-AAC9BBF094E3}.PRODUCTIONSUPORT|Any CPU.ActiveCfg = Release|Any CPU
		{162C5524-CEF8-4894-BA2C-AAC9BBF094E3}.PRODUCTIONSUPORT|Any CPU.Build.0 = Release|Any CPU
		{162C5524-CEF8-4894-BA2C-AAC9BBF094E3}.PRODUCTIONSUPORT|x64.ActiveCfg = Release|Any CPU
		{162C5524-CEF8-4894-BA2C-AAC9BBF094E3}.PRODUCTIONSUPORT|x64.Build.0 = Release|Any CPU
		{162C5524-CEF8-4894-BA2C-AAC9BBF094E3}.PRODUCTIONSUPORT|x86.ActiveCfg = Release|Any CPU
		{162C5524-CEF8-4894-BA2C-AAC9BBF094E3}.PRODUCTIONSUPORT|x86.Build.0 = Release|Any CPU
		{162C5524-CEF8-4894-BA2C-AAC9BBF094E3}.QA|Any CPU.ActiveCfg = Release|Any CPU
		{162C5524-CEF8-4894-BA2C-AAC9BBF094E3}.QA|Any CPU.Build.0 = Release|Any CPU
		{162C5524-CEF8-4894-BA2C-AAC9BBF094E3}.QA|x64.ActiveCfg = Release|Any CPU
		{162C5524-CEF8-4894-BA2C-AAC9BBF094E3}.QA|x64.Build.0 = Release|Any CPU
		{162C5524-CEF8-4894-BA2C-AAC9BBF094E3}.QA|x86.ActiveCfg = Release|Any CPU
		{162C5524-CEF8-4894-BA2C-AAC9BBF094E3}.QA|x86.Build.0 = Release|Any CPU
		{162C5524-CEF8-4894-BA2C-AAC9BBF094E3}.QASTAGE|Any CPU.ActiveCfg = Release|Any CPU
		{162C5524-CEF8-4894-BA2C-AAC9BBF094E3}.QASTAGE|Any CPU.Build.0 = Release|Any CPU
		{162C5524-CEF8-4894-BA2C-AAC9BBF094E3}.QASTAGE|x64.ActiveCfg = Release|Any CPU
		{162C5524-CEF8-4894-BA2C-AAC9BBF094E3}.QASTAGE|x64.Build.0 = Release|Any CPU
		{162C5524-CEF8-4894-BA2C-AAC9BBF094E3}.QASTAGE|x86.ActiveCfg = Release|Any CPU
		{162C5524-CEF8-4894-BA2C-AAC9BBF094E3}.QASTAGE|x86.Build.0 = Release|Any CPU
		{162C5524-CEF8-4894-BA2C-AAC9BBF094E3}.QASTAGE02|Any CPU.ActiveCfg = Release|Any CPU
		{162C5524-CEF8-4894-BA2C-AAC9BBF094E3}.QASTAGE02|Any CPU.Build.0 = Release|Any CPU
		{162C5524-CEF8-4894-BA2C-AAC9BBF094E3}.QASTAGE02|x64.ActiveCfg = Release|Any CPU
		{162C5524-CEF8-4894-BA2C-AAC9BBF094E3}.QASTAGE02|x64.Build.0 = Release|Any CPU
		{162C5524-CEF8-4894-BA2C-AAC9BBF094E3}.QASTAGE02|x86.ActiveCfg = Release|Any CPU
		{162C5524-CEF8-4894-BA2C-AAC9BBF094E3}.QASTAGE02|x86.Build.0 = Release|Any CPU
		{162C5524-CEF8-4894-BA2C-AAC9BBF094E3}.Release|Any CPU.ActiveCfg = Release|Any CPU
		{162C5524-CEF8-4894-BA2C-AAC9BBF094E3}.Release|Any CPU.Build.0 = Release|Any CPU
		{162C5524-CEF8-4894-BA2C-AAC9BBF094E3}.Release|x64.ActiveCfg = Release|Any CPU
		{162C5524-CEF8-4894-BA2C-AAC9BBF094E3}.Release|x64.Build.0 = Release|Any CPU
		{162C5524-CEF8-4894-BA2C-AAC9BBF094E3}.Release|x86.ActiveCfg = Release|Any CPU
		{162C5524-CEF8-4894-BA2C-AAC9BBF094E3}.Release|x86.Build.0 = Release|Any CPU
		{162C5524-CEF8-4894-BA2C-AAC9BBF094E3}.UAT|Any CPU.ActiveCfg = Release|Any CPU
		{162C5524-CEF8-4894-BA2C-AAC9BBF094E3}.UAT|Any CPU.Build.0 = Release|Any CPU
		{162C5524-CEF8-4894-BA2C-AAC9BBF094E3}.UAT|x64.ActiveCfg = Release|Any CPU
		{162C5524-CEF8-4894-BA2C-AAC9BBF094E3}.UAT|x64.Build.0 = Release|Any CPU
		{162C5524-CEF8-4894-BA2C-AAC9BBF094E3}.UAT|x86.ActiveCfg = Release|Any CPU
		{162C5524-CEF8-4894-BA2C-AAC9BBF094E3}.UAT|x86.Build.0 = Release|Any CPU
		{3FA12E6C-B577-4EE6-A6F7-C37CA01A927F}.Debug|Any CPU.ActiveCfg = Debug|Any CPU
		{3FA12E6C-B577-4EE6-A6F7-C37CA01A927F}.Debug|Any CPU.Build.0 = Debug|Any CPU
		{3FA12E6C-B577-4EE6-A6F7-C37CA01A927F}.Debug|x64.ActiveCfg = Debug|Any CPU
		{3FA12E6C-B577-4EE6-A6F7-C37CA01A927F}.Debug|x64.Build.0 = Debug|Any CPU
		{3FA12E6C-B577-4EE6-A6F7-C37CA01A927F}.Debug|x86.ActiveCfg = Debug|Any CPU
		{3FA12E6C-B577-4EE6-A6F7-C37CA01A927F}.Debug|x86.Build.0 = Debug|Any CPU
		{3FA12E6C-B577-4EE6-A6F7-C37CA01A927F}.DEMO|Any CPU.ActiveCfg = Debug|Any CPU
		{3FA12E6C-B577-4EE6-A6F7-C37CA01A927F}.DEMO|Any CPU.Build.0 = Debug|Any CPU
		{3FA12E6C-B577-4EE6-A6F7-C37CA01A927F}.DEMO|x64.ActiveCfg = Debug|Any CPU
		{3FA12E6C-B577-4EE6-A6F7-C37CA01A927F}.DEMO|x64.Build.0 = Debug|Any CPU
		{3FA12E6C-B577-4EE6-A6F7-C37CA01A927F}.DEMO|x86.ActiveCfg = Debug|Any CPU
		{3FA12E6C-B577-4EE6-A6F7-C37CA01A927F}.DEMO|x86.Build.0 = Debug|Any CPU
		{3FA12E6C-B577-4EE6-A6F7-C37CA01A927F}.DEVSTAGE|Any CPU.ActiveCfg = Debug|Any CPU
		{3FA12E6C-B577-4EE6-A6F7-C37CA01A927F}.DEVSTAGE|Any CPU.Build.0 = Debug|Any CPU
		{3FA12E6C-B577-4EE6-A6F7-C37CA01A927F}.DEVSTAGE|x64.ActiveCfg = Debug|Any CPU
		{3FA12E6C-B577-4EE6-A6F7-C37CA01A927F}.DEVSTAGE|x64.Build.0 = Debug|Any CPU
		{3FA12E6C-B577-4EE6-A6F7-C37CA01A927F}.DEVSTAGE|x86.ActiveCfg = Debug|Any CPU
		{3FA12E6C-B577-4EE6-A6F7-C37CA01A927F}.DEVSTAGE|x86.Build.0 = Debug|Any CPU
		{3FA12E6C-B577-4EE6-A6F7-C37CA01A927F}.MIKETESTENV|Any CPU.ActiveCfg = Release|Any CPU
		{3FA12E6C-B577-4EE6-A6F7-C37CA01A927F}.MIKETESTENV|Any CPU.Build.0 = Release|Any CPU
		{3FA12E6C-B577-4EE6-A6F7-C37CA01A927F}.MIKETESTENV|x64.ActiveCfg = Release|Any CPU
		{3FA12E6C-B577-4EE6-A6F7-C37CA01A927F}.MIKETESTENV|x64.Build.0 = Release|Any CPU
		{3FA12E6C-B577-4EE6-A6F7-C37CA01A927F}.MIKETESTENV|x86.ActiveCfg = Release|Any CPU
		{3FA12E6C-B577-4EE6-A6F7-C37CA01A927F}.MIKETESTENV|x86.Build.0 = Release|Any CPU
		{3FA12E6C-B577-4EE6-A6F7-C37CA01A927F}.PRODUCTIONSUPORT|Any CPU.ActiveCfg = Release|Any CPU
		{3FA12E6C-B577-4EE6-A6F7-C37CA01A927F}.PRODUCTIONSUPORT|Any CPU.Build.0 = Release|Any CPU
		{3FA12E6C-B577-4EE6-A6F7-C37CA01A927F}.PRODUCTIONSUPORT|x64.ActiveCfg = Release|Any CPU
		{3FA12E6C-B577-4EE6-A6F7-C37CA01A927F}.PRODUCTIONSUPORT|x64.Build.0 = Release|Any CPU
		{3FA12E6C-B577-4EE6-A6F7-C37CA01A927F}.PRODUCTIONSUPORT|x86.ActiveCfg = Release|Any CPU
		{3FA12E6C-B577-4EE6-A6F7-C37CA01A927F}.PRODUCTIONSUPORT|x86.Build.0 = Release|Any CPU
		{3FA12E6C-B577-4EE6-A6F7-C37CA01A927F}.QA|Any CPU.ActiveCfg = Release|Any CPU
		{3FA12E6C-B577-4EE6-A6F7-C37CA01A927F}.QA|Any CPU.Build.0 = Release|Any CPU
		{3FA12E6C-B577-4EE6-A6F7-C37CA01A927F}.QA|x64.ActiveCfg = Release|Any CPU
		{3FA12E6C-B577-4EE6-A6F7-C37CA01A927F}.QA|x64.Build.0 = Release|Any CPU
		{3FA12E6C-B577-4EE6-A6F7-C37CA01A927F}.QA|x86.ActiveCfg = Release|Any CPU
		{3FA12E6C-B577-4EE6-A6F7-C37CA01A927F}.QA|x86.Build.0 = Release|Any CPU
		{3FA12E6C-B577-4EE6-A6F7-C37CA01A927F}.QASTAGE|Any CPU.ActiveCfg = Release|Any CPU
		{3FA12E6C-B577-4EE6-A6F7-C37CA01A927F}.QASTAGE|Any CPU.Build.0 = Release|Any CPU
		{3FA12E6C-B577-4EE6-A6F7-C37CA01A927F}.QASTAGE|x64.ActiveCfg = Release|Any CPU
		{3FA12E6C-B577-4EE6-A6F7-C37CA01A927F}.QASTAGE|x64.Build.0 = Release|Any CPU
		{3FA12E6C-B577-4EE6-A6F7-C37CA01A927F}.QASTAGE|x86.ActiveCfg = Release|Any CPU
		{3FA12E6C-B577-4EE6-A6F7-C37CA01A927F}.QASTAGE|x86.Build.0 = Release|Any CPU
		{3FA12E6C-B577-4EE6-A6F7-C37CA01A927F}.QASTAGE02|Any CPU.ActiveCfg = Release|Any CPU
		{3FA12E6C-B577-4EE6-A6F7-C37CA01A927F}.QASTAGE02|Any CPU.Build.0 = Release|Any CPU
		{3FA12E6C-B577-4EE6-A6F7-C37CA01A927F}.QASTAGE02|x64.ActiveCfg = Release|Any CPU
		{3FA12E6C-B577-4EE6-A6F7-C37CA01A927F}.QASTAGE02|x64.Build.0 = Release|Any CPU
		{3FA12E6C-B577-4EE6-A6F7-C37CA01A927F}.QASTAGE02|x86.ActiveCfg = Release|Any CPU
		{3FA12E6C-B577-4EE6-A6F7-C37CA01A927F}.QASTAGE02|x86.Build.0 = Release|Any CPU
		{3FA12E6C-B577-4EE6-A6F7-C37CA01A927F}.Release|Any CPU.ActiveCfg = Release|Any CPU
		{3FA12E6C-B577-4EE6-A6F7-C37CA01A927F}.Release|Any CPU.Build.0 = Release|Any CPU
		{3FA12E6C-B577-4EE6-A6F7-C37CA01A927F}.Release|x64.ActiveCfg = Release|Any CPU
		{3FA12E6C-B577-4EE6-A6F7-C37CA01A927F}.Release|x64.Build.0 = Release|Any CPU
		{3FA12E6C-B577-4EE6-A6F7-C37CA01A927F}.Release|x86.ActiveCfg = Release|Any CPU
		{3FA12E6C-B577-4EE6-A6F7-C37CA01A927F}.Release|x86.Build.0 = Release|Any CPU
		{3FA12E6C-B577-4EE6-A6F7-C37CA01A927F}.UAT|Any CPU.ActiveCfg = Release|Any CPU
		{3FA12E6C-B577-4EE6-A6F7-C37CA01A927F}.UAT|Any CPU.Build.0 = Release|Any CPU
		{3FA12E6C-B577-4EE6-A6F7-C37CA01A927F}.UAT|x64.ActiveCfg = Release|Any CPU
		{3FA12E6C-B577-4EE6-A6F7-C37CA01A927F}.UAT|x64.Build.0 = Release|Any CPU
		{3FA12E6C-B577-4EE6-A6F7-C37CA01A927F}.UAT|x86.ActiveCfg = Release|Any CPU
		{3FA12E6C-B577-4EE6-A6F7-C37CA01A927F}.UAT|x86.Build.0 = Release|Any CPU
		{DD34C3DF-CF51-4DEB-A198-5029323BC1AE}.Debug|Any CPU.ActiveCfg = Debug|Any CPU
		{DD34C3DF-CF51-4DEB-A198-5029323BC1AE}.Debug|Any CPU.Build.0 = Debug|Any CPU
		{DD34C3DF-CF51-4DEB-A198-5029323BC1AE}.Debug|x64.ActiveCfg = Debug|Any CPU
		{DD34C3DF-CF51-4DEB-A198-5029323BC1AE}.Debug|x64.Build.0 = Debug|Any CPU
		{DD34C3DF-CF51-4DEB-A198-5029323BC1AE}.Debug|x86.ActiveCfg = Debug|Any CPU
		{DD34C3DF-CF51-4DEB-A198-5029323BC1AE}.Debug|x86.Build.0 = Debug|Any CPU
		{DD34C3DF-CF51-4DEB-A198-5029323BC1AE}.DEMO|Any CPU.ActiveCfg = Debug|Any CPU
		{DD34C3DF-CF51-4DEB-A198-5029323BC1AE}.DEMO|Any CPU.Build.0 = Debug|Any CPU
		{DD34C3DF-CF51-4DEB-A198-5029323BC1AE}.DEMO|x64.ActiveCfg = Debug|Any CPU
		{DD34C3DF-CF51-4DEB-A198-5029323BC1AE}.DEMO|x64.Build.0 = Debug|Any CPU
		{DD34C3DF-CF51-4DEB-A198-5029323BC1AE}.DEMO|x86.ActiveCfg = Debug|Any CPU
		{DD34C3DF-CF51-4DEB-A198-5029323BC1AE}.DEMO|x86.Build.0 = Debug|Any CPU
		{DD34C3DF-CF51-4DEB-A198-5029323BC1AE}.DEVSTAGE|Any CPU.ActiveCfg = Debug|Any CPU
		{DD34C3DF-CF51-4DEB-A198-5029323BC1AE}.DEVSTAGE|Any CPU.Build.0 = Debug|Any CPU
		{DD34C3DF-CF51-4DEB-A198-5029323BC1AE}.DEVSTAGE|x64.ActiveCfg = Debug|Any CPU
		{DD34C3DF-CF51-4DEB-A198-5029323BC1AE}.DEVSTAGE|x64.Build.0 = Debug|Any CPU
		{DD34C3DF-CF51-4DEB-A198-5029323BC1AE}.DEVSTAGE|x86.ActiveCfg = Debug|Any CPU
		{DD34C3DF-CF51-4DEB-A198-5029323BC1AE}.DEVSTAGE|x86.Build.0 = Debug|Any CPU
		{DD34C3DF-CF51-4DEB-A198-5029323BC1AE}.MIKETESTENV|Any CPU.ActiveCfg = Release|Any CPU
		{DD34C3DF-CF51-4DEB-A198-5029323BC1AE}.MIKETESTENV|Any CPU.Build.0 = Release|Any CPU
		{DD34C3DF-CF51-4DEB-A198-5029323BC1AE}.MIKETESTENV|x64.ActiveCfg = Release|Any CPU
		{DD34C3DF-CF51-4DEB-A198-5029323BC1AE}.MIKETESTENV|x64.Build.0 = Release|Any CPU
		{DD34C3DF-CF51-4DEB-A198-5029323BC1AE}.MIKETESTENV|x86.ActiveCfg = Release|Any CPU
		{DD34C3DF-CF51-4DEB-A198-5029323BC1AE}.MIKETESTENV|x86.Build.0 = Release|Any CPU
		{DD34C3DF-CF51-4DEB-A198-5029323BC1AE}.PRODUCTIONSUPORT|Any CPU.ActiveCfg = Release|Any CPU
		{DD34C3DF-CF51-4DEB-A198-5029323BC1AE}.PRODUCTIONSUPORT|Any CPU.Build.0 = Release|Any CPU
		{DD34C3DF-CF51-4DEB-A198-5029323BC1AE}.PRODUCTIONSUPORT|x64.ActiveCfg = Release|Any CPU
		{DD34C3DF-CF51-4DEB-A198-5029323BC1AE}.PRODUCTIONSUPORT|x64.Build.0 = Release|Any CPU
		{DD34C3DF-CF51-4DEB-A198-5029323BC1AE}.PRODUCTIONSUPORT|x86.ActiveCfg = Release|Any CPU
		{DD34C3DF-CF51-4DEB-A198-5029323BC1AE}.PRODUCTIONSUPORT|x86.Build.0 = Release|Any CPU
		{DD34C3DF-CF51-4DEB-A198-5029323BC1AE}.QA|Any CPU.ActiveCfg = Release|Any CPU
		{DD34C3DF-CF51-4DEB-A198-5029323BC1AE}.QA|Any CPU.Build.0 = Release|Any CPU
		{DD34C3DF-CF51-4DEB-A198-5029323BC1AE}.QA|x64.ActiveCfg = Release|Any CPU
		{DD34C3DF-CF51-4DEB-A198-5029323BC1AE}.QA|x64.Build.0 = Release|Any CPU
		{DD34C3DF-CF51-4DEB-A198-5029323BC1AE}.QA|x86.ActiveCfg = Release|Any CPU
		{DD34C3DF-CF51-4DEB-A198-5029323BC1AE}.QA|x86.Build.0 = Release|Any CPU
		{DD34C3DF-CF51-4DEB-A198-5029323BC1AE}.QASTAGE|Any CPU.ActiveCfg = Release|Any CPU
		{DD34C3DF-CF51-4DEB-A198-5029323BC1AE}.QASTAGE|Any CPU.Build.0 = Release|Any CPU
		{DD34C3DF-CF51-4DEB-A198-5029323BC1AE}.QASTAGE|x64.ActiveCfg = Release|Any CPU
		{DD34C3DF-CF51-4DEB-A198-5029323BC1AE}.QASTAGE|x64.Build.0 = Release|Any CPU
		{DD34C3DF-CF51-4DEB-A198-5029323BC1AE}.QASTAGE|x86.ActiveCfg = Release|Any CPU
		{DD34C3DF-CF51-4DEB-A198-5029323BC1AE}.QASTAGE|x86.Build.0 = Release|Any CPU
		{DD34C3DF-CF51-4DEB-A198-5029323BC1AE}.QASTAGE02|Any CPU.ActiveCfg = Release|Any CPU
		{DD34C3DF-CF51-4DEB-A198-5029323BC1AE}.QASTAGE02|Any CPU.Build.0 = Release|Any CPU
		{DD34C3DF-CF51-4DEB-A198-5029323BC1AE}.QASTAGE02|x64.ActiveCfg = Release|Any CPU
		{DD34C3DF-CF51-4DEB-A198-5029323BC1AE}.QASTAGE02|x64.Build.0 = Release|Any CPU
		{DD34C3DF-CF51-4DEB-A198-5029323BC1AE}.QASTAGE02|x86.ActiveCfg = Release|Any CPU
		{DD34C3DF-CF51-4DEB-A198-5029323BC1AE}.QASTAGE02|x86.Build.0 = Release|Any CPU
		{DD34C3DF-CF51-4DEB-A198-5029323BC1AE}.Release|Any CPU.ActiveCfg = Release|Any CPU
		{DD34C3DF-CF51-4DEB-A198-5029323BC1AE}.Release|Any CPU.Build.0 = Release|Any CPU
		{DD34C3DF-CF51-4DEB-A198-5029323BC1AE}.Release|x64.ActiveCfg = Release|Any CPU
		{DD34C3DF-CF51-4DEB-A198-5029323BC1AE}.Release|x64.Build.0 = Release|Any CPU
		{DD34C3DF-CF51-4DEB-A198-5029323BC1AE}.Release|x86.ActiveCfg = Release|Any CPU
		{DD34C3DF-CF51-4DEB-A198-5029323BC1AE}.Release|x86.Build.0 = Release|Any CPU
		{DD34C3DF-CF51-4DEB-A198-5029323BC1AE}.UAT|Any CPU.ActiveCfg = Release|Any CPU
		{DD34C3DF-CF51-4DEB-A198-5029323BC1AE}.UAT|Any CPU.Build.0 = Release|Any CPU
		{DD34C3DF-CF51-4DEB-A198-5029323BC1AE}.UAT|x64.ActiveCfg = Release|Any CPU
		{DD34C3DF-CF51-4DEB-A198-5029323BC1AE}.UAT|x64.Build.0 = Release|Any CPU
		{DD34C3DF-CF51-4DEB-A198-5029323BC1AE}.UAT|x86.ActiveCfg = Release|Any CPU
		{DD34C3DF-CF51-4DEB-A198-5029323BC1AE}.UAT|x86.Build.0 = Release|Any CPU
		{71E32EB1-BBC3-43F2-9A5F-46ED72257833}.Debug|Any CPU.ActiveCfg = Debug|Any CPU
		{71E32EB1-BBC3-43F2-9A5F-46ED72257833}.Debug|Any CPU.Build.0 = Debug|Any CPU
		{71E32EB1-BBC3-43F2-9A5F-46ED72257833}.Debug|x64.ActiveCfg = Debug|Any CPU
		{71E32EB1-BBC3-43F2-9A5F-46ED72257833}.Debug|x64.Build.0 = Debug|Any CPU
		{71E32EB1-BBC3-43F2-9A5F-46ED72257833}.Debug|x86.ActiveCfg = Debug|Any CPU
		{71E32EB1-BBC3-43F2-9A5F-46ED72257833}.Debug|x86.Build.0 = Debug|Any CPU
		{71E32EB1-BBC3-43F2-9A5F-46ED72257833}.DEMO|Any CPU.ActiveCfg = Debug|Any CPU
		{71E32EB1-BBC3-43F2-9A5F-46ED72257833}.DEMO|Any CPU.Build.0 = Debug|Any CPU
		{71E32EB1-BBC3-43F2-9A5F-46ED72257833}.DEMO|x64.ActiveCfg = Debug|Any CPU
		{71E32EB1-BBC3-43F2-9A5F-46ED72257833}.DEMO|x64.Build.0 = Debug|Any CPU
		{71E32EB1-BBC3-43F2-9A5F-46ED72257833}.DEMO|x86.ActiveCfg = Debug|Any CPU
		{71E32EB1-BBC3-43F2-9A5F-46ED72257833}.DEMO|x86.Build.0 = Debug|Any CPU
		{71E32EB1-BBC3-43F2-9A5F-46ED72257833}.DEVSTAGE|Any CPU.ActiveCfg = Debug|Any CPU
		{71E32EB1-BBC3-43F2-9A5F-46ED72257833}.DEVSTAGE|Any CPU.Build.0 = Debug|Any CPU
		{71E32EB1-BBC3-43F2-9A5F-46ED72257833}.DEVSTAGE|x64.ActiveCfg = Debug|Any CPU
		{71E32EB1-BBC3-43F2-9A5F-46ED72257833}.DEVSTAGE|x64.Build.0 = Debug|Any CPU
		{71E32EB1-BBC3-43F2-9A5F-46ED72257833}.DEVSTAGE|x86.ActiveCfg = Debug|Any CPU
		{71E32EB1-BBC3-43F2-9A5F-46ED72257833}.DEVSTAGE|x86.Build.0 = Debug|Any CPU
		{71E32EB1-BBC3-43F2-9A5F-46ED72257833}.MIKETESTENV|Any CPU.ActiveCfg = Release|Any CPU
		{71E32EB1-BBC3-43F2-9A5F-46ED72257833}.MIKETESTENV|Any CPU.Build.0 = Release|Any CPU
		{71E32EB1-BBC3-43F2-9A5F-46ED72257833}.MIKETESTENV|x64.ActiveCfg = Release|Any CPU
		{71E32EB1-BBC3-43F2-9A5F-46ED72257833}.MIKETESTENV|x64.Build.0 = Release|Any CPU
		{71E32EB1-BBC3-43F2-9A5F-46ED72257833}.MIKETESTENV|x86.ActiveCfg = Release|Any CPU
		{71E32EB1-BBC3-43F2-9A5F-46ED72257833}.MIKETESTENV|x86.Build.0 = Release|Any CPU
		{71E32EB1-BBC3-43F2-9A5F-46ED72257833}.PRODUCTIONSUPORT|Any CPU.ActiveCfg = Release|Any CPU
		{71E32EB1-BBC3-43F2-9A5F-46ED72257833}.PRODUCTIONSUPORT|Any CPU.Build.0 = Release|Any CPU
		{71E32EB1-BBC3-43F2-9A5F-46ED72257833}.PRODUCTIONSUPORT|x64.ActiveCfg = Release|Any CPU
		{71E32EB1-BBC3-43F2-9A5F-46ED72257833}.PRODUCTIONSUPORT|x64.Build.0 = Release|Any CPU
		{71E32EB1-BBC3-43F2-9A5F-46ED72257833}.PRODUCTIONSUPORT|x86.ActiveCfg = Release|Any CPU
		{71E32EB1-BBC3-43F2-9A5F-46ED72257833}.PRODUCTIONSUPORT|x86.Build.0 = Release|Any CPU
		{71E32EB1-BBC3-43F2-9A5F-46ED72257833}.QA|Any CPU.ActiveCfg = Release|Any CPU
		{71E32EB1-BBC3-43F2-9A5F-46ED72257833}.QA|Any CPU.Build.0 = Release|Any CPU
		{71E32EB1-BBC3-43F2-9A5F-46ED72257833}.QA|x64.ActiveCfg = Release|Any CPU
		{71E32EB1-BBC3-43F2-9A5F-46ED72257833}.QA|x64.Build.0 = Release|Any CPU
		{71E32EB1-BBC3-43F2-9A5F-46ED72257833}.QA|x86.ActiveCfg = Release|Any CPU
		{71E32EB1-BBC3-43F2-9A5F-46ED72257833}.QA|x86.Build.0 = Release|Any CPU
		{71E32EB1-BBC3-43F2-9A5F-46ED72257833}.QASTAGE|Any CPU.ActiveCfg = Release|Any CPU
		{71E32EB1-BBC3-43F2-9A5F-46ED72257833}.QASTAGE|Any CPU.Build.0 = Release|Any CPU
		{71E32EB1-BBC3-43F2-9A5F-46ED72257833}.QASTAGE|x64.ActiveCfg = Release|Any CPU
		{71E32EB1-BBC3-43F2-9A5F-46ED72257833}.QASTAGE|x64.Build.0 = Release|Any CPU
		{71E32EB1-BBC3-43F2-9A5F-46ED72257833}.QASTAGE|x86.ActiveCfg = Release|Any CPU
		{71E32EB1-BBC3-43F2-9A5F-46ED72257833}.QASTAGE|x86.Build.0 = Release|Any CPU
		{71E32EB1-BBC3-43F2-9A5F-46ED72257833}.QASTAGE02|Any CPU.ActiveCfg = Release|Any CPU
		{71E32EB1-BBC3-43F2-9A5F-46ED72257833}.QASTAGE02|Any CPU.Build.0 = Release|Any CPU
		{71E32EB1-BBC3-43F2-9A5F-46ED72257833}.QASTAGE02|x64.ActiveCfg = Release|Any CPU
		{71E32EB1-BBC3-43F2-9A5F-46ED72257833}.QASTAGE02|x64.Build.0 = Release|Any CPU
		{71E32EB1-BBC3-43F2-9A5F-46ED72257833}.QASTAGE02|x86.ActiveCfg = Release|Any CPU
		{71E32EB1-BBC3-43F2-9A5F-46ED72257833}.QASTAGE02|x86.Build.0 = Release|Any CPU
		{71E32EB1-BBC3-43F2-9A5F-46ED72257833}.Release|Any CPU.ActiveCfg = Release|Any CPU
		{71E32EB1-BBC3-43F2-9A5F-46ED72257833}.Release|Any CPU.Build.0 = Release|Any CPU
		{71E32EB1-BBC3-43F2-9A5F-46ED72257833}.Release|x64.ActiveCfg = Release|Any CPU
		{71E32EB1-BBC3-43F2-9A5F-46ED72257833}.Release|x64.Build.0 = Release|Any CPU
		{71E32EB1-BBC3-43F2-9A5F-46ED72257833}.Release|x86.ActiveCfg = Release|Any CPU
		{71E32EB1-BBC3-43F2-9A5F-46ED72257833}.Release|x86.Build.0 = Release|Any CPU
		{71E32EB1-BBC3-43F2-9A5F-46ED72257833}.UAT|Any CPU.ActiveCfg = Release|Any CPU
		{71E32EB1-BBC3-43F2-9A5F-46ED72257833}.UAT|Any CPU.Build.0 = Release|Any CPU
		{71E32EB1-BBC3-43F2-9A5F-46ED72257833}.UAT|x64.ActiveCfg = Release|Any CPU
		{71E32EB1-BBC3-43F2-9A5F-46ED72257833}.UAT|x64.Build.0 = Release|Any CPU
		{71E32EB1-BBC3-43F2-9A5F-46ED72257833}.UAT|x86.ActiveCfg = Release|Any CPU
		{71E32EB1-BBC3-43F2-9A5F-46ED72257833}.UAT|x86.Build.0 = Release|Any CPU
	EndGlobalSection
	GlobalSection(SolutionProperties) = preSolution
		HideSolutionNode = FALSE
	EndGlobalSection
	GlobalSection(ExtensibilityGlobals) = postSolution
		SolutionGuid = {D69801CF-318F-4334-9CE5-B72322004CA3}
		EnterpriseLibraryConfigurationToolBinariesPathV6 = packages\EnterpriseLibrary.Common.6.0.1304.0\lib\NET45;packages\EnterpriseLibrary.Data.6.0.1304.0\lib\NET45;packages\EnterpriseLibrary.Logging.6.0.1304.0\lib\NET45
		EnterpriseLibraryConfigurationToolBinariesPath = packages\EnterpriseLibrary.Data.5.0.505.0\lib\NET35
	EndGlobalSection
EndGlobal
