
Microsoft Visual Studio Solution File, Format Version 12.00
# Visual Studio Version 17
VisualStudioVersion = 17.13.35828.75
MinimumVisualStudioVersion = 10.0.40219.1
Project("{FAE04EC0-301F-11D3-BF4B-00C04F79EFBC}") = "EDDY.IS.FormsEngine.Services", "EDDY.IS.FormsEngine.Services\EDDY.IS.FormsEngine.Services.csproj", "{DB13A2D3-8E9F-47F0-83FA-588E5D92760B}"
EndProject
Project("{FAE04EC0-301F-11D3-BF4B-00C04F79EFBC}") = "EDDY.IS.FormsEngine", "EDDY.IS.FormsEngine.RF\EDDY.IS.FormsEngine.csproj", "{F9FBFA65-B5BD-4CFD-BA12-5B2EE01E1C32}"
EndProject
Project("{2150E333-8FDC-42A3-9474-1A3956D46DE8}") = "Solution Items", "Solution Items", "{29857CC7-49D7-47E4-932C-AF2AF0F079A9}"
	ProjectSection(SolutionItems) = preProject
		Local.testsettings = Local.testsettings
	EndProjectSection
EndProject
Project("{FAE04EC0-301F-11D3-BF4B-00C04F79EFBC}") = "EDDY.IS.FormsEngine.Tests", "EDDY.IS.FormsEngine.Tests\EDDY.IS.FormsEngine.Tests.csproj", "{F93F674B-5D95-46F0-A380-18592AE60EDD}"
EndProject
Project("{FAE04EC0-301F-11D3-BF4B-00C04F79EFBC}") = "EDDY.IS.FormsEngine.Core", "EDDY.IS.FormsEngine.Core\EDDY.IS.FormsEngine.Core.csproj", "{E08C3116-075D-4952-89CD-E1D964E8DF96}"
EndProject
Project("{FAE04EC0-301F-11D3-BF4B-00C04F79EFBC}") = "EDDY.IS.FormsEngine.Infastructure", "EDDY.IS.FormsEngine.Infastructure\EDDY.IS.FormsEngine.Infastructure.csproj", "{DFE966C6-601F-4A73-9B8C-12C0EF9FE0EF}"
EndProject
Project("{FAE04EC0-301F-11D3-BF4B-00C04F79EFBC}") = "EDDY.IS.LeadEngine", "..\LeadEngine\EDDY.IS.LeadEngine-RF\EDDY.IS.LeadEngine.csproj", "{779E8CEC-5404-4888-83EA-24CD543B63F6}"
EndProject
Global
	GlobalSection(SolutionConfigurationPlatforms) = preSolution
		Debug|Any CPU = Debug|Any CPU
		Release|Any CPU = Release|Any CPU
	EndGlobalSection
	GlobalSection(ProjectConfigurationPlatforms) = postSolution
		{DB13A2D3-8E9F-47F0-83FA-588E5D92760B}.Debug|Any CPU.ActiveCfg = Debug|Any CPU
		{DB13A2D3-8E9F-47F0-83FA-588E5D92760B}.Debug|Any CPU.Build.0 = Debug|Any CPU
		{DB13A2D3-8E9F-47F0-83FA-588E5D92760B}.Release|Any CPU.ActiveCfg = Release|Any CPU
		{DB13A2D3-8E9F-47F0-83FA-588E5D92760B}.Release|Any CPU.Build.0 = Release|Any CPU
		{F9FBFA65-B5BD-4CFD-BA12-5B2EE01E1C32}.Debug|Any CPU.ActiveCfg = Debug|Any CPU
		{F9FBFA65-B5BD-4CFD-BA12-5B2EE01E1C32}.Debug|Any CPU.Build.0 = Debug|Any CPU
		{F9FBFA65-B5BD-4CFD-BA12-5B2EE01E1C32}.Release|Any CPU.ActiveCfg = Release|Any CPU
		{F9FBFA65-B5BD-4CFD-BA12-5B2EE01E1C32}.Release|Any CPU.Build.0 = Release|Any CPU
		{F93F674B-5D95-46F0-A380-18592AE60EDD}.Debug|Any CPU.ActiveCfg = Debug|Any CPU
		{F93F674B-5D95-46F0-A380-18592AE60EDD}.Debug|Any CPU.Build.0 = Debug|Any CPU
		{F93F674B-5D95-46F0-A380-18592AE60EDD}.Release|Any CPU.ActiveCfg = Release|Any CPU
		{F93F674B-5D95-46F0-A380-18592AE60EDD}.Release|Any CPU.Build.0 = Release|Any CPU
		{E08C3116-075D-4952-89CD-E1D964E8DF96}.Debug|Any CPU.ActiveCfg = Debug|Any CPU
		{E08C3116-075D-4952-89CD-E1D964E8DF96}.Debug|Any CPU.Build.0 = Debug|Any CPU
		{E08C3116-075D-4952-89CD-E1D964E8DF96}.Release|Any CPU.ActiveCfg = Release|Any CPU
		{E08C3116-075D-4952-89CD-E1D964E8DF96}.Release|Any CPU.Build.0 = Release|Any CPU
		{DFE966C6-601F-4A73-9B8C-12C0EF9FE0EF}.Debug|Any CPU.ActiveCfg = Debug|Any CPU
		{DFE966C6-601F-4A73-9B8C-12C0EF9FE0EF}.Debug|Any CPU.Build.0 = Debug|Any CPU
		{DFE966C6-601F-4A73-9B8C-12C0EF9FE0EF}.Release|Any CPU.ActiveCfg = Release|Any CPU
		{DFE966C6-601F-4A73-9B8C-12C0EF9FE0EF}.Release|Any CPU.Build.0 = Release|Any CPU
		{779E8CEC-5404-4888-83EA-24CD543B63F6}.Debug|Any CPU.ActiveCfg = Debug|Any CPU
		{779E8CEC-5404-4888-83EA-24CD543B63F6}.Debug|Any CPU.Build.0 = Debug|Any CPU
		{779E8CEC-5404-4888-83EA-24CD543B63F6}.Release|Any CPU.ActiveCfg = Release|Any CPU
		{779E8CEC-5404-4888-83EA-24CD543B63F6}.Release|Any CPU.Build.0 = Release|Any CPU
	EndGlobalSection
	GlobalSection(SolutionProperties) = preSolution
		HideSolutionNode = FALSE
	EndGlobalSection
	GlobalSection(ExtensibilityGlobals) = postSolution
		SolutionGuid = {127EF8D8-C92B-464D-8318-37154872C4B0}
	EndGlobalSection
EndGlobal
